
Microsoft Visual Studio Solution File, Format Version 12.00
# Visual Studio Version 17
VisualStudioVersion = 17.7.34024.191
MinimumVisualStudioVersion = 10.0.40219.1
Project("{9A19103F-16F7-4668-BE54-9A1E7A4F7556}") = "CompeteMis", "CompeteMis\CompeteMis.csproj", "{821077CC-D684-4E96-9F6C-78FC6D0A05A0}"
EndProject
Project("{9A19103F-16F7-4668-BE54-9A1E7A4F7556}") = "CompeteBase", "CompeteBase\CompeteBase.csproj", "{210C8146-B316-4E23-9A58-FEA3693565C9}"
EndProject
Project("{9A19103F-16F7-4668-BE54-9A1E7A4F7556}") = "Developer", "Developer\Developer.csproj", "{49C8442F-CA0D-47D4-AFB0-C367628B5376}"
EndProject
Project("{9A19103F-16F7-4668-BE54-9A1E7A4F7556}") = "TestConsoleApp", "TestConsoleApp\TestConsoleApp.csproj", "{8DE4568E-3270-4511-A7F8-360E2E6B39EE}"
EndProject
Project("{9A19103F-16F7-4668-BE54-9A1E7A4F7556}") = "UITemplate", "UITemplate\UITemplate.csproj", "{E00C69EC-2F3B-4304-AB5A-EAE5A8DA8E2B}"
EndProject
Project("{8BC9CEB8-8B4A-11D0-8D11-00A0C91BC942}") = "CompeteLib", "CompeteLib\CompeteLib.vcxproj", "{F5B60963-A806-421B-8058-D25D24F8837E}"
EndProject
Global
	GlobalSection(SolutionConfigurationPlatforms) = preSolution
		Debug|Any CPU = Debug|Any CPU
		Debug|x64 = Debug|x64
		Debug|x86 = Debug|x86
		Debug-Java|Any CPU = Debug-Java|Any CPU
		Debug-Java|x64 = Debug-Java|x64
		Debug-Java|x86 = Debug-Java|x86
		Release|Any CPU = Release|Any CPU
		Release|x64 = Release|x64
		Release|x86 = Release|x86
		Release-Java|Any CPU = Release-Java|Any CPU
		Release-Java|x64 = Release-Java|x64
		Release-Java|x86 = Release-Java|x86
	EndGlobalSection
	GlobalSection(ProjectConfigurationPlatforms) = postSolution
		{821077CC-D684-4E96-9F6C-78FC6D0A05A0}.Debug|Any CPU.ActiveCfg = Debug|Any CPU
		{821077CC-D684-4E96-9F6C-78FC6D0A05A0}.Debug|Any CPU.Build.0 = Debug|Any CPU
		{821077CC-D684-4E96-9F6C-78FC6D0A05A0}.Debug|x64.ActiveCfg = Debug|Any CPU
		{821077CC-D684-4E96-9F6C-78FC6D0A05A0}.Debug|x64.Build.0 = Debug|Any CPU
		{821077CC-D684-4E96-9F6C-78FC6D0A05A0}.Debug|x86.ActiveCfg = Debug|Any CPU
		{821077CC-D684-4E96-9F6C-78FC6D0A05A0}.Debug|x86.Build.0 = Debug|Any CPU
		{821077CC-D684-4E96-9F6C-78FC6D0A05A0}.Debug-Java|Any CPU.ActiveCfg = Debug-Java|Any CPU
		{821077CC-D684-4E96-9F6C-78FC6D0A05A0}.Debug-Java|Any CPU.Build.0 = Debug-Java|Any CPU
		{821077CC-D684-4E96-9F6C-78FC6D0A05A0}.Debug-Java|x64.ActiveCfg = Debug-Java|Any CPU
		{821077CC-D684-4E96-9F6C-78FC6D0A05A0}.Debug-Java|x64.Build.0 = Debug-Java|Any CPU
		{821077CC-D684-4E96-9F6C-78FC6D0A05A0}.Debug-Java|x86.ActiveCfg = Debug-Java|Any CPU
		{821077CC-D684-4E96-9F6C-78FC6D0A05A0}.Debug-Java|x86.Build.0 = Debug-Java|Any CPU
		{821077CC-D684-4E96-9F6C-78FC6D0A05A0}.Release|Any CPU.ActiveCfg = Release|Any CPU
		{821077CC-D684-4E96-9F6C-78FC6D0A05A0}.Release|Any CPU.Build.0 = Release|Any CPU
		{821077CC-D684-4E96-9F6C-78FC6D0A05A0}.Release|x64.ActiveCfg = Release|Any CPU
		{821077CC-D684-4E96-9F6C-78FC6D0A05A0}.Release|x64.Build.0 = Release|Any CPU
		{821077CC-D684-4E96-9F6C-78FC6D0A05A0}.Release|x86.ActiveCfg = Release|Any CPU
		{821077CC-D684-4E96-9F6C-78FC6D0A05A0}.Release|x86.Build.0 = Release|Any CPU
		{821077CC-D684-4E96-9F6C-78FC6D0A05A0}.Release-Java|Any CPU.ActiveCfg = Release-Java|Any CPU
		{821077CC-D684-4E96-9F6C-78FC6D0A05A0}.Release-Java|Any CPU.Build.0 = Release-Java|Any CPU
		{821077CC-D684-4E96-9F6C-78FC6D0A05A0}.Release-Java|x64.ActiveCfg = Release-Java|Any CPU
		{821077CC-D684-4E96-9F6C-78FC6D0A05A0}.Release-Java|x64.Build.0 = Release-Java|Any CPU
		{821077CC-D684-4E96-9F6C-78FC6D0A05A0}.Release-Java|x86.ActiveCfg = Release-Java|Any CPU
		{821077CC-D684-4E96-9F6C-78FC6D0A05A0}.Release-Java|x86.Build.0 = Release-Java|Any CPU
		{210C8146-B316-4E23-9A58-FEA3693565C9}.Debug|Any CPU.ActiveCfg = Debug|Any CPU
		{210C8146-B316-4E23-9A58-FEA3693565C9}.Debug|Any CPU.Build.0 = Debug|Any CPU
		{210C8146-B316-4E23-9A58-FEA3693565C9}.Debug|x64.ActiveCfg = Debug|Any CPU
		{210C8146-B316-4E23-9A58-FEA3693565C9}.Debug|x64.Build.0 = Debug|Any CPU
		{210C8146-B316-4E23-9A58-FEA3693565C9}.Debug|x86.ActiveCfg = Debug|Any CPU
		{210C8146-B316-4E23-9A58-FEA3693565C9}.Debug|x86.Build.0 = Debug|Any CPU
		{210C8146-B316-4E23-9A58-FEA3693565C9}.Debug-Java|Any CPU.ActiveCfg = Debug-Java|Any CPU
		{210C8146-B316-4E23-9A58-FEA3693565C9}.Debug-Java|Any CPU.Build.0 = Debug-Java|Any CPU
		{210C8146-B316-4E23-9A58-FEA3693565C9}.Debug-Java|x64.ActiveCfg = Debug-Java|Any CPU
		{210C8146-B316-4E23-9A58-FEA3693565C9}.Debug-Java|x64.Build.0 = Debug-Java|Any CPU
		{210C8146-B316-4E23-9A58-FEA3693565C9}.Debug-Java|x86.ActiveCfg = Debug-Java|Any CPU
		{210C8146-B316-4E23-9A58-FEA3693565C9}.Debug-Java|x86.Build.0 = Debug-Java|Any CPU
		{210C8146-B316-4E23-9A58-FEA3693565C9}.Release|Any CPU.ActiveCfg = Release|Any CPU
		{210C8146-B316-4E23-9A58-FEA3693565C9}.Release|Any CPU.Build.0 = Release|Any CPU
		{210C8146-B316-4E23-9A58-FEA3693565C9}.Release|x64.ActiveCfg = Release|Any CPU
		{210C8146-B316-4E23-9A58-FEA3693565C9}.Release|x64.Build.0 = Release|Any CPU
		{210C8146-B316-4E23-9A58-FEA3693565C9}.Release|x86.ActiveCfg = Release|Any CPU
		{210C8146-B316-4E23-9A58-FEA3693565C9}.Release|x86.Build.0 = Release|Any CPU
		{210C8146-B316-4E23-9A58-FEA3693565C9}.Release-Java|Any CPU.ActiveCfg = Release-Java|Any CPU
		{210C8146-B316-4E23-9A58-FEA3693565C9}.Release-Java|Any CPU.Build.0 = Release-Java|Any CPU
		{210C8146-B316-4E23-9A58-FEA3693565C9}.Release-Java|x64.ActiveCfg = Release-Java|Any CPU
		{210C8146-B316-4E23-9A58-FEA3693565C9}.Release-Java|x64.Build.0 = Release-Java|Any CPU
		{210C8146-B316-4E23-9A58-FEA3693565C9}.Release-Java|x86.ActiveCfg = Release-Java|Any CPU
		{210C8146-B316-4E23-9A58-FEA3693565C9}.Release-Java|x86.Build.0 = Release-Java|Any CPU
		{49C8442F-CA0D-47D4-AFB0-C367628B5376}.Debug|Any CPU.ActiveCfg = Debug|Any CPU
		{49C8442F-CA0D-47D4-AFB0-C367628B5376}.Debug|Any CPU.Build.0 = Debug|Any CPU
		{49C8442F-CA0D-47D4-AFB0-C367628B5376}.Debug|x64.ActiveCfg = Debug|Any CPU
		{49C8442F-CA0D-47D4-AFB0-C367628B5376}.Debug|x64.Build.0 = Debug|Any CPU
		{49C8442F-CA0D-47D4-AFB0-C367628B5376}.Debug|x86.ActiveCfg = Debug|Any CPU
		{49C8442F-CA0D-47D4-AFB0-C367628B5376}.Debug|x86.Build.0 = Debug|Any CPU
		{49C8442F-CA0D-47D4-AFB0-C367628B5376}.Debug-Java|Any CPU.ActiveCfg = Debug|Any CPU
		{49C8442F-CA0D-47D4-AFB0-C367628B5376}.Debug-Java|Any CPU.Build.0 = Debug|Any CPU
		{49C8442F-CA0D-47D4-AFB0-C367628B5376}.Debug-Java|x64.ActiveCfg = Debug|Any CPU
		{49C8442F-CA0D-47D4-AFB0-C367628B5376}.Debug-Java|x64.Build.0 = Debug|Any CPU
		{49C8442F-CA0D-47D4-AFB0-C367628B5376}.Debug-Java|x86.ActiveCfg = Debug|Any CPU
		{49C8442F-CA0D-47D4-AFB0-C367628B5376}.Debug-Java|x86.Build.0 = Debug|Any CPU
		{49C8442F-CA0D-47D4-AFB0-C367628B5376}.Release|Any CPU.ActiveCfg = Release|Any CPU
		{49C8442F-CA0D-47D4-AFB0-C367628B5376}.Release|Any CPU.Build.0 = Release|Any CPU
		{49C8442F-CA0D-47D4-AFB0-C367628B5376}.Release|x64.ActiveCfg = Release|Any CPU
		{49C8442F-CA0D-47D4-AFB0-C367628B5376}.Release|x64.Build.0 = Release|Any CPU
		{49C8442F-CA0D-47D4-AFB0-C367628B5376}.Release|x86.ActiveCfg = Release|Any CPU
		{49C8442F-CA0D-47D4-AFB0-C367628B5376}.Release|x86.Build.0 = Release|Any CPU
		{49C8442F-CA0D-47D4-AFB0-C367628B5376}.Release-Java|Any CPU.ActiveCfg = Release|Any CPU
		{49C8442F-CA0D-47D4-AFB0-C367628B5376}.Release-Java|Any CPU.Build.0 = Release|Any CPU
		{49C8442F-CA0D-47D4-AFB0-C367628B5376}.Release-Java|x64.ActiveCfg = Release|Any CPU
		{49C8442F-CA0D-47D4-AFB0-C367628B5376}.Release-Java|x64.Build.0 = Release|Any CPU
		{49C8442F-CA0D-47D4-AFB0-C367628B5376}.Release-Java|x86.ActiveCfg = Release|Any CPU
		{49C8442F-CA0D-47D4-AFB0-C367628B5376}.Release-Java|x86.Build.0 = Release|Any CPU
		{8DE4568E-3270-4511-A7F8-360E2E6B39EE}.Debug|Any CPU.ActiveCfg = Debug|Any CPU
		{8DE4568E-3270-4511-A7F8-360E2E6B39EE}.Debug|Any CPU.Build.0 = Debug|Any CPU
		{8DE4568E-3270-4511-A7F8-360E2E6B39EE}.Debug|x64.ActiveCfg = Debug|Any CPU
		{8DE4568E-3270-4511-A7F8-360E2E6B39EE}.Debug|x64.Build.0 = Debug|Any CPU
		{8DE4568E-3270-4511-A7F8-360E2E6B39EE}.Debug|x86.ActiveCfg = Debug|Any CPU
		{8DE4568E-3270-4511-A7F8-360E2E6B39EE}.Debug|x86.Build.0 = Debug|Any CPU
		{8DE4568E-3270-4511-A7F8-360E2E6B39EE}.Debug-Java|Any CPU.ActiveCfg = Debug|Any CPU
		{8DE4568E-3270-4511-A7F8-360E2E6B39EE}.Debug-Java|Any CPU.Build.0 = Debug|Any CPU
		{8DE4568E-3270-4511-A7F8-360E2E6B39EE}.Debug-Java|x64.ActiveCfg = Debug|Any CPU
		{8DE4568E-3270-4511-A7F8-360E2E6B39EE}.Debug-Java|x64.Build.0 = Debug|Any CPU
		{8DE4568E-3270-4511-A7F8-360E2E6B39EE}.Debug-Java|x86.ActiveCfg = Debug|Any CPU
		{8DE4568E-3270-4511-A7F8-360E2E6B39EE}.Debug-Java|x86.Build.0 = Debug|Any CPU
		{8DE4568E-3270-4511-A7F8-360E2E6B39EE}.Release|Any CPU.ActiveCfg = Release|Any CPU
		{8DE4568E-3270-4511-A7F8-360E2E6B39EE}.Release|Any CPU.Build.0 = Release|Any CPU
		{8DE4568E-3270-4511-A7F8-360E2E6B39EE}.Release|x64.ActiveCfg = Release|Any CPU
		{8DE4568E-3270-4511-A7F8-360E2E6B39EE}.Release|x64.Build.0 = Release|Any CPU
		{8DE4568E-3270-4511-A7F8-360E2E6B39EE}.Release|x86.ActiveCfg = Release|Any CPU
		{8DE4568E-3270-4511-A7F8-360E2E6B39EE}.Release|x86.Build.0 = Release|Any CPU
		{8DE4568E-3270-4511-A7F8-360E2E6B39EE}.Release-Java|Any CPU.ActiveCfg = Release|Any CPU
		{8DE4568E-3270-4511-A7F8-360E2E6B39EE}.Release-Java|Any CPU.Build.0 = Release|Any CPU
		{8DE4568E-3270-4511-A7F8-360E2E6B39EE}.Release-Java|x64.ActiveCfg = Release|Any CPU
		{8DE4568E-3270-4511-A7F8-360E2E6B39EE}.Release-Java|x64.Build.0 = Release|Any CPU
		{8DE4568E-3270-4511-A7F8-360E2E6B39EE}.Release-Java|x86.ActiveCfg = Release|Any CPU
		{8DE4568E-3270-4511-A7F8-360E2E6B39EE}.Release-Java|x86.Build.0 = Release|Any CPU
		{E00C69EC-2F3B-4304-AB5A-EAE5A8DA8E2B}.Debug|Any CPU.ActiveCfg = Debug|Any CPU
		{E00C69EC-2F3B-4304-AB5A-EAE5A8DA8E2B}.Debug|Any CPU.Build.0 = Debug|Any CPU
		{E00C69EC-2F3B-4304-AB5A-EAE5A8DA8E2B}.Debug|x64.ActiveCfg = Debug|Any CPU
		{E00C69EC-2F3B-4304-AB5A-EAE5A8DA8E2B}.Debug|x64.Build.0 = Debug|Any CPU
		{E00C69EC-2F3B-4304-AB5A-EAE5A8DA8E2B}.Debug|x86.ActiveCfg = Debug|Any CPU
		{E00C69EC-2F3B-4304-AB5A-EAE5A8DA8E2B}.Debug|x86.Build.0 = Debug|Any CPU
		{E00C69EC-2F3B-4304-AB5A-EAE5A8DA8E2B}.Debug-Java|Any CPU.ActiveCfg = Debug|Any CPU
		{E00C69EC-2F3B-4304-AB5A-EAE5A8DA8E2B}.Debug-Java|Any CPU.Build.0 = Debug|Any CPU
		{E00C69EC-2F3B-4304-AB5A-EAE5A8DA8E2B}.Debug-Java|x64.ActiveCfg = Debug|Any CPU
		{E00C69EC-2F3B-4304-AB5A-EAE5A8DA8E2B}.Debug-Java|x64.Build.0 = Debug|Any CPU
		{E00C69EC-2F3B-4304-AB5A-EAE5A8DA8E2B}.Debug-Java|x86.ActiveCfg = Debug|Any CPU
		{E00C69EC-2F3B-4304-AB5A-EAE5A8DA8E2B}.Debug-Java|x86.Build.0 = Debug|Any CPU
		{E00C69EC-2F3B-4304-AB5A-EAE5A8DA8E2B}.Release|Any CPU.ActiveCfg = Release|Any CPU
		{E00C69EC-2F3B-4304-AB5A-EAE5A8DA8E2B}.Release|Any CPU.Build.0 = Release|Any CPU
		{E00C69EC-2F3B-4304-AB5A-EAE5A8DA8E2B}.Release|x64.ActiveCfg = Release|Any CPU
		{E00C69EC-2F3B-4304-AB5A-EAE5A8DA8E2B}.Release|x64.Build.0 = Release|Any CPU
		{E00C69EC-2F3B-4304-AB5A-EAE5A8DA8E2B}.Release|x86.ActiveCfg = Release|Any CPU
		{E00C69EC-2F3B-4304-AB5A-EAE5A8DA8E2B}.Release|x86.Build.0 = Release|Any CPU
		{E00C69EC-2F3B-4304-AB5A-EAE5A8DA8E2B}.Release-Java|Any CPU.ActiveCfg = Release|Any CPU
		{E00C69EC-2F3B-4304-AB5A-EAE5A8DA8E2B}.Release-Java|Any CPU.Build.0 = Release|Any CPU
		{E00C69EC-2F3B-4304-AB5A-EAE5A8DA8E2B}.Release-Java|x64.ActiveCfg = Release|Any CPU
		{E00C69EC-2F3B-4304-AB5A-EAE5A8DA8E2B}.Release-Java|x64.Build.0 = Release|Any CPU
		{E00C69EC-2F3B-4304-AB5A-EAE5A8DA8E2B}.Release-Java|x86.ActiveCfg = Release|Any CPU
		{E00C69EC-2F3B-4304-AB5A-EAE5A8DA8E2B}.Release-Java|x86.Build.0 = Release|Any CPU
		{F5B60963-A806-421B-8058-D25D24F8837E}.Debug|Any CPU.ActiveCfg = Debug|x64
		{F5B60963-A806-421B-8058-D25D24F8837E}.Debug|Any CPU.Build.0 = Debug|x64
		{F5B60963-A806-421B-8058-D25D24F8837E}.Debug|x64.ActiveCfg = Debug|x64
		{F5B60963-A806-421B-8058-D25D24F8837E}.Debug|x64.Build.0 = Debug|x64
		{F5B60963-A806-421B-8058-D25D24F8837E}.Debug|x86.ActiveCfg = Debug|Win32
		{F5B60963-A806-421B-8058-D25D24F8837E}.Debug|x86.Build.0 = Debug|Win32
		{F5B60963-A806-421B-8058-D25D24F8837E}.Debug-Java|Any CPU.ActiveCfg = Debug|x64
		{F5B60963-A806-421B-8058-D25D24F8837E}.Debug-Java|Any CPU.Build.0 = Debug|x64
		{F5B60963-A806-421B-8058-D25D24F8837E}.Debug-Java|x64.ActiveCfg = Debug|x64
		{F5B60963-A806-421B-8058-D25D24F8837E}.Debug-Java|x64.Build.0 = Debug|x64
		{F5B60963-A806-421B-8058-D25D24F8837E}.Debug-Java|x86.ActiveCfg = Debug|Win32
		{F5B60963-A806-421B-8058-D25D24F8837E}.Debug-Java|x86.Build.0 = Debug|Win32
		{F5B60963-A806-421B-8058-D25D24F8837E}.Release|Any CPU.ActiveCfg = Release|x64
		{F5B60963-A806-421B-8058-D25D24F8837E}.Release|Any CPU.Build.0 = Release|x64
		{F5B60963-A806-421B-8058-D25D24F8837E}.Release|x64.ActiveCfg = Release|x64
		{F5B60963-A806-421B-8058-D25D24F8837E}.Release|x64.Build.0 = Release|x64
		{F5B60963-A806-421B-8058-D25D24F8837E}.Release|x86.ActiveCfg = Release|Win32
		{F5B60963-A806-421B-8058-D25D24F8837E}.Release|x86.Build.0 = Release|Win32
		{F5B60963-A806-421B-8058-D25D24F8837E}.Release-Java|Any CPU.ActiveCfg = Release|x64
		{F5B60963-A806-421B-8058-D25D24F8837E}.Release-Java|Any CPU.Build.0 = Release|x64
		{F5B60963-A806-421B-8058-D25D24F8837E}.Release-Java|x64.ActiveCfg = Release|x64
		{F5B60963-A806-421B-8058-D25D24F8837E}.Release-Java|x64.Build.0 = Release|x64
		{F5B60963-A806-421B-8058-D25D24F8837E}.Release-Java|x86.ActiveCfg = Release|Win32
		{F5B60963-A806-421B-8058-D25D24F8837E}.Release-Java|x86.Build.0 = Release|Win32
	EndGlobalSection
	GlobalSection(SolutionProperties) = preSolution
		HideSolutionNode = FALSE
	EndGlobalSection
	GlobalSection(ExtensibilityGlobals) = postSolution
		SolutionGuid = {1592186D-62AC-4A2C-93C8-3980B1500471}
	EndGlobalSection
EndGlobal
